
Microsoft Visual Studio Solution File, Format Version 12.00
# Visual Studio Version 17
VisualStudioVersion = 17.11.35208.52
MinimumVisualStudioVersion = 10.0.40219.1
Project("{9A19103F-16F7-4668-BE54-9A1E7A4F7556}") = "EncapsulationLesson", "EncapsulationLesson\EncapsulationLesson.csproj", "{B792E6B9-DE0F-411A-B4BA-00F49AB2F20E}"
EndProject
Project("{9A19103F-16F7-4668-BE54-9A1E7A4F7556}") = "TestDll", "TestDll\TestDll.csproj", "{F89BA826-5788-47CD-887F-E7252345C000}"
EndProject
Project("{9A19103F-16F7-4668-BE54-9A1E7A4F7556}") = "ImplementCommonInterfaces", "ImplementCommonInterfaces\ImplementCommonInterfaces.csproj", "{EF491963-B1F4-43BC-9140-9469A4FD12E2}"
EndProject
Project("{FAE04EC0-301F-11D3-BF4B-00C04F79EFBC}") = "Delegates", "Delegates\Delegates.csproj", "{545C8D75-6175-4309-BF60-94719EDD6697}"
EndProject
Project("{FAE04EC0-301F-11D3-BF4B-00C04F79EFBC}") = "Events", "Events\Events.csproj", "{3A2BDBE6-68DE-412D-A68A-0EAA873CA3F8}"
EndProject
Global
	GlobalSection(SolutionConfigurationPlatforms) = preSolution
		Debug|Any CPU = Debug|Any CPU
		Release|Any CPU = Release|Any CPU
	EndGlobalSection
	GlobalSection(ProjectConfigurationPlatforms) = postSolution
		{B792E6B9-DE0F-411A-B4BA-00F49AB2F20E}.Debug|Any CPU.ActiveCfg = Debug|Any CPU
		{B792E6B9-DE0F-411A-B4BA-00F49AB2F20E}.Debug|Any CPU.Build.0 = Debug|Any CPU
		{B792E6B9-DE0F-411A-B4BA-00F49AB2F20E}.Release|Any CPU.ActiveCfg = Release|Any CPU
		{B792E6B9-DE0F-411A-B4BA-00F49AB2F20E}.Release|Any CPU.Build.0 = Release|Any CPU
		{F89BA826-5788-47CD-887F-E7252345C000}.Debug|Any CPU.ActiveCfg = Debug|Any CPU
		{F89BA826-5788-47CD-887F-E7252345C000}.Debug|Any CPU.Build.0 = Debug|Any CPU
		{F89BA826-5788-47CD-887F-E7252345C000}.Release|Any CPU.ActiveCfg = Release|Any CPU
		{F89BA826-5788-47CD-887F-E7252345C000}.Release|Any CPU.Build.0 = Release|Any CPU
		{EF491963-B1F4-43BC-9140-9469A4FD12E2}.Debug|Any CPU.ActiveCfg = Debug|Any CPU
		{EF491963-B1F4-43BC-9140-9469A4FD12E2}.Debug|Any CPU.Build.0 = Debug|Any CPU
		{EF491963-B1F4-43BC-9140-9469A4FD12E2}.Release|Any CPU.ActiveCfg = Release|Any CPU
		{EF491963-B1F4-43BC-9140-9469A4FD12E2}.Release|Any CPU.Build.0 = Release|Any CPU
		{545C8D75-6175-4309-BF60-94719EDD6697}.Debug|Any CPU.ActiveCfg = Debug|Any CPU
		{545C8D75-6175-4309-BF60-94719EDD6697}.Debug|Any CPU.Build.0 = Debug|Any CPU
		{545C8D75-6175-4309-BF60-94719EDD6697}.Release|Any CPU.ActiveCfg = Release|Any CPU
		{545C8D75-6175-4309-BF60-94719EDD6697}.Release|Any CPU.Build.0 = Release|Any CPU
		{3A2BDBE6-68DE-412D-A68A-0EAA873CA3F8}.Debug|Any CPU.ActiveCfg = Debug|Any CPU
		{3A2BDBE6-68DE-412D-A68A-0EAA873CA3F8}.Debug|Any CPU.Build.0 = Debug|Any CPU
		{3A2BDBE6-68DE-412D-A68A-0EAA873CA3F8}.Release|Any CPU.ActiveCfg = Release|Any CPU
		{3A2BDBE6-68DE-412D-A68A-0EAA873CA3F8}.Release|Any CPU.Build.0 = Release|Any CPU
	EndGlobalSection
	GlobalSection(SolutionProperties) = preSolution
		HideSolutionNode = FALSE
	EndGlobalSection
	GlobalSection(ExtensibilityGlobals) = postSolution
		SolutionGuid = {85296854-DA42-43E9-A2CF-74C21970B6C5}
	EndGlobalSection
EndGlobal
